
Microsoft Visual Studio Solution File, Format Version 12.00
# Visual Studio Version 17
VisualStudioVersion = 17.8.34322.80
MinimumVisualStudioVersion = 10.0.40219.1
Project("{FAE04EC0-301F-11D3-BF4B-00C04F79EFBC}") = "BasicHttpRequest_API", "BasicHttpRequest_API\BasicHttpRequest_API.csproj", "{A789F9FD-71E8-47B7-AF04-DCC5C0754A94}"
EndProject
Project("{FAE04EC0-301F-11D3-BF4B-00C04F79EFBC}") = "BasicHttpRequest_Console", "BasicHttpRequest_Console\BasicHttpRequest_Console.csproj", "{C273AEC4-549D-4726-983D-6D4867E81221}"
EndProject
Global
	GlobalSection(SolutionConfigurationPlatforms) = preSolution
		Debug|Any CPU = Debug|Any CPU
		Release|Any CPU = Release|Any CPU
	EndGlobalSection
	GlobalSection(ProjectConfigurationPlatforms) = postSolution
		{A789F9FD-71E8-47B7-AF04-DCC5C0754A94}.Debug|Any CPU.ActiveCfg = Debug|Any CPU
		{A789F9FD-71E8-47B7-AF04-DCC5C0754A94}.Debug|Any CPU.Build.0 = Debug|Any CPU
		{A789F9FD-71E8-47B7-AF04-DCC5C0754A94}.Release|Any CPU.ActiveCfg = Release|Any CPU
		{A789F9FD-71E8-47B7-AF04-DCC5C0754A94}.Release|Any CPU.Build.0 = Release|Any CPU
		{C273AEC4-549D-4726-983D-6D4867E81221}.Debug|Any CPU.ActiveCfg = Debug|Any CPU
		{C273AEC4-549D-4726-983D-6D4867E81221}.Debug|Any CPU.Build.0 = Debug|Any CPU
		{C273AEC4-549D-4726-983D-6D4867E81221}.Release|Any CPU.ActiveCfg = Release|Any CPU
		{C273AEC4-549D-4726-983D-6D4867E81221}.Release|Any CPU.Build.0 = Release|Any CPU
	EndGlobalSection
	GlobalSection(SolutionProperties) = preSolution
		HideSolutionNode = FALSE
	EndGlobalSection
	GlobalSection(ExtensibilityGlobals) = postSolution
		SolutionGuid = {1281F3EF-DA88-4CF4-BFB5-94C4F8EF8D1A}
	EndGlobalSection
EndGlobal
